
Microsoft Visual Studio Solution File, Format Version 12.00
# Visual Studio Version 16
VisualStudioVersion = 16.0.30717.126
MinimumVisualStudioVersion = 10.0.40219.1
Project("{9A19103F-16F7-4668-BE54-9A1E7A4F7556}") = "MetricsManager", "WeatherMetricsManager\MetricsManager.csproj", "{67164957-42AA-4D9A-BC63-AD93C5F1DAAB}"
EndProject
Project("{FAE04EC0-301F-11D3-BF4B-00C04F79EFBC}") = "MetricsManagerTests", "MetricsManagerTests\MetricsManagerTests.csproj", "{4E0CCA44-A072-4534-AC81-32976A3E5343}"
EndProject
Project("{FAE04EC0-301F-11D3-BF4B-00C04F79EFBC}") = "MetricsAgent", "MetricsAgent\MetricsAgent.csproj", "{E5475CEB-48E1-45BB-AB1D-BDDDDD257796}"
EndProject
Project("{FAE04EC0-301F-11D3-BF4B-00C04F79EFBC}") = "MetricsAgentTests", "MetricsAgentTests\MetricsAgentTests.csproj", "{071BC113-3A81-43F2-B9B5-FB70760EAAB0}"
EndProject
Global
	GlobalSection(SolutionConfigurationPlatforms) = preSolution
		Debug|Any CPU = Debug|Any CPU
		Release|Any CPU = Release|Any CPU
	EndGlobalSection
	GlobalSection(ProjectConfigurationPlatforms) = postSolution
		{67164957-42AA-4D9A-BC63-AD93C5F1DAAB}.Debug|Any CPU.ActiveCfg = Debug|Any CPU
		{67164957-42AA-4D9A-BC63-AD93C5F1DAAB}.Debug|Any CPU.Build.0 = Debug|Any CPU
		{67164957-42AA-4D9A-BC63-AD93C5F1DAAB}.Release|Any CPU.ActiveCfg = Release|Any CPU
		{67164957-42AA-4D9A-BC63-AD93C5F1DAAB}.Release|Any CPU.Build.0 = Release|Any CPU
		{4E0CCA44-A072-4534-AC81-32976A3E5343}.Debug|Any CPU.ActiveCfg = Debug|Any CPU
		{4E0CCA44-A072-4534-AC81-32976A3E5343}.Debug|Any CPU.Build.0 = Debug|Any CPU
		{4E0CCA44-A072-4534-AC81-32976A3E5343}.Release|Any CPU.ActiveCfg = Release|Any CPU
		{4E0CCA44-A072-4534-AC81-32976A3E5343}.Release|Any CPU.Build.0 = Release|Any CPU
		{E5475CEB-48E1-45BB-AB1D-BDDDDD257796}.Debug|Any CPU.ActiveCfg = Debug|Any CPU
		{E5475CEB-48E1-45BB-AB1D-BDDDDD257796}.Debug|Any CPU.Build.0 = Debug|Any CPU
		{E5475CEB-48E1-45BB-AB1D-BDDDDD257796}.Release|Any CPU.ActiveCfg = Release|Any CPU
		{E5475CEB-48E1-45BB-AB1D-BDDDDD257796}.Release|Any CPU.Build.0 = Release|Any CPU
		{071BC113-3A81-43F2-B9B5-FB70760EAAB0}.Debug|Any CPU.ActiveCfg = Debug|Any CPU
		{071BC113-3A81-43F2-B9B5-FB70760EAAB0}.Debug|Any CPU.Build.0 = Debug|Any CPU
		{071BC113-3A81-43F2-B9B5-FB70760EAAB0}.Release|Any CPU.ActiveCfg = Release|Any CPU
		{071BC113-3A81-43F2-B9B5-FB70760EAAB0}.Release|Any CPU.Build.0 = Release|Any CPU
	EndGlobalSection
	GlobalSection(SolutionProperties) = preSolution
		HideSolutionNode = FALSE
	EndGlobalSection
	GlobalSection(ExtensibilityGlobals) = postSolution
		SolutionGuid = {447158D8-B37F-4F6D-A5AF-ABD609B86F35}
	EndGlobalSection
EndGlobal
