
Microsoft Visual Studio Solution File, Format Version 12.00
# Visual Studio Version 16
VisualStudioVersion = 16.0.30717.126
MinimumVisualStudioVersion = 10.0.40219.1
Project("{9A19103F-16F7-4668-BE54-9A1E7A4F7556}") = "MetricsManager", "MetricsManager\MetricsManager.csproj", "{5C2AC67D-074E-4BBA-905E-4ED53ADA84F5}"
EndProject
Project("{9A19103F-16F7-4668-BE54-9A1E7A4F7556}") = "MetricsAgent", "MetricsAgent\MetricsAgent.csproj", "{F48AEDD8-16F1-490B-B1A8-288F9DAE3042}"
EndProject
Project("{9A19103F-16F7-4668-BE54-9A1E7A4F7556}") = "MetricsManagerTests", "MetricsManagerTests\MetricsManagerTests.csproj", "{50311C94-604A-4D12-898F-33D2870E45B3}"
EndProject
Project("{9A19103F-16F7-4668-BE54-9A1E7A4F7556}") = "MetricsAgentTests", "MetricsAgentTests\MetricsAgentTests.csproj", "{A3A36F89-CF38-425F-AC3C-C6ACEE546DF1}"
EndProject
Project("{FAE04EC0-301F-11D3-BF4B-00C04F79EFBC}") = "Core", "Core\Core.csproj", "{01081475-D682-4146-8532-9EBD54909799}"
EndProject
Global
	GlobalSection(SolutionConfigurationPlatforms) = preSolution
		Debug|Any CPU = Debug|Any CPU
		Release|Any CPU = Release|Any CPU
	EndGlobalSection
	GlobalSection(ProjectConfigurationPlatforms) = postSolution
		{5C2AC67D-074E-4BBA-905E-4ED53ADA84F5}.Debug|Any CPU.ActiveCfg = Debug|Any CPU
		{5C2AC67D-074E-4BBA-905E-4ED53ADA84F5}.Debug|Any CPU.Build.0 = Debug|Any CPU
		{5C2AC67D-074E-4BBA-905E-4ED53ADA84F5}.Release|Any CPU.ActiveCfg = Release|Any CPU
		{5C2AC67D-074E-4BBA-905E-4ED53ADA84F5}.Release|Any CPU.Build.0 = Release|Any CPU
		{F48AEDD8-16F1-490B-B1A8-288F9DAE3042}.Debug|Any CPU.ActiveCfg = Debug|Any CPU
		{F48AEDD8-16F1-490B-B1A8-288F9DAE3042}.Debug|Any CPU.Build.0 = Debug|Any CPU
		{F48AEDD8-16F1-490B-B1A8-288F9DAE3042}.Release|Any CPU.ActiveCfg = Release|Any CPU
		{F48AEDD8-16F1-490B-B1A8-288F9DAE3042}.Release|Any CPU.Build.0 = Release|Any CPU
		{50311C94-604A-4D12-898F-33D2870E45B3}.Debug|Any CPU.ActiveCfg = Debug|Any CPU
		{50311C94-604A-4D12-898F-33D2870E45B3}.Debug|Any CPU.Build.0 = Debug|Any CPU
		{50311C94-604A-4D12-898F-33D2870E45B3}.Release|Any CPU.ActiveCfg = Release|Any CPU
		{50311C94-604A-4D12-898F-33D2870E45B3}.Release|Any CPU.Build.0 = Release|Any CPU
		{A3A36F89-CF38-425F-AC3C-C6ACEE546DF1}.Debug|Any CPU.ActiveCfg = Debug|Any CPU
		{A3A36F89-CF38-425F-AC3C-C6ACEE546DF1}.Debug|Any CPU.Build.0 = Debug|Any CPU
		{A3A36F89-CF38-425F-AC3C-C6ACEE546DF1}.Release|Any CPU.ActiveCfg = Release|Any CPU
		{A3A36F89-CF38-425F-AC3C-C6ACEE546DF1}.Release|Any CPU.Build.0 = Release|Any CPU
		{01081475-D682-4146-8532-9EBD54909799}.Debug|Any CPU.ActiveCfg = Debug|Any CPU
		{01081475-D682-4146-8532-9EBD54909799}.Debug|Any CPU.Build.0 = Debug|Any CPU
		{01081475-D682-4146-8532-9EBD54909799}.Release|Any CPU.ActiveCfg = Release|Any CPU
		{01081475-D682-4146-8532-9EBD54909799}.Release|Any CPU.Build.0 = Release|Any CPU
	EndGlobalSection
	GlobalSection(SolutionProperties) = preSolution
		HideSolutionNode = FALSE
	EndGlobalSection
	GlobalSection(ExtensibilityGlobals) = postSolution
		SolutionGuid = {B3C42825-8A66-48C5-9843-CAF33FF9FCD7}
	EndGlobalSection
EndGlobal
